{
  "pins" : [
    {
      "identity" : "callable",
      "kind" : "remoteSourceControl",
      "location" : "https://github.com/ElevatedUnderdogs/Callable.git",
      "state" : {
        "revision" : "f44ad68588ec6297235d76ed38494967cab9d611",
        "version" : "1.3.0"
      }
    },
    {
      "identity" : "commonextensions",
      "kind" : "remoteSourceControl",
      "location" : "https://github.com/ElevatedUnderdogs/CommonExtensions.git",
      "state" : {
        "revision" : "882f723adfb658a1dab2ef4c84a2c020df7b3ea0",
        "version" : "4.0.2"
      }
    },
    {
      "identity" : "persistencecall",
      "kind" : "remoteSourceControl",
      "location" : "https://github.com/scott-lydon/PersistenceCall.git",
      "state" : {
        "revision" : "79f2b39944d7cb5fcbef1fa957efd3fca54d1fdd",
        "version" : "2.0.0"
      }
    }
  ],
  "version" : 2
}
